
Microsoft Visual Studio Solution File, Format Version 12.00
# Visual Studio Version 16
VisualStudioVersion = 16.0.32901.82
MinimumVisualStudioVersion = 10.0.40219.1
Project("{FAE04EC0-301F-11D3-BF4B-00C04F79EFBC}") = "FftImplementation", "FftImplementation\FftImplementation.csproj", "{D91B560F-93F9-4E9A-9D4C-618FC82E2346}"
EndProject
Project("{FAE04EC0-301F-11D3-BF4B-00C04F79EFBC}") = "OxyPlotWindows", "OxyPlotWindows\OxyPlotWindows.csproj", "{D835AA5D-1A36-4337-87FF-8C470AF035E2}"
EndProject
Global
	GlobalSection(SolutionConfigurationPlatforms) = preSolution
		Debug|Any CPU = Debug|Any CPU
		Release|Any CPU = Release|Any CPU
	EndGlobalSection
	GlobalSection(ProjectConfigurationPlatforms) = postSolution
		{D91B560F-93F9-4E9A-9D4C-618FC82E2346}.Debug|Any CPU.ActiveCfg = Debug|Any CPU
		{D91B560F-93F9-4E9A-9D4C-618FC82E2346}.Debug|Any CPU.Build.0 = Debug|Any CPU
		{D91B560F-93F9-4E9A-9D4C-618FC82E2346}.Release|Any CPU.ActiveCfg = Release|Any CPU
		{D91B560F-93F9-4E9A-9D4C-618FC82E2346}.Release|Any CPU.Build.0 = Release|Any CPU
		{D835AA5D-1A36-4337-87FF-8C470AF035E2}.Debug|Any CPU.ActiveCfg = Debug|Any CPU
		{D835AA5D-1A36-4337-87FF-8C470AF035E2}.Debug|Any CPU.Build.0 = Debug|Any CPU
		{D835AA5D-1A36-4337-87FF-8C470AF035E2}.Release|Any CPU.ActiveCfg = Release|Any CPU
		{D835AA5D-1A36-4337-87FF-8C470AF035E2}.Release|Any CPU.Build.0 = Release|Any CPU
	EndGlobalSection
	GlobalSection(SolutionProperties) = preSolution
		HideSolutionNode = FALSE
	EndGlobalSection
	GlobalSection(ExtensibilityGlobals) = postSolution
		SolutionGuid = {74C185C7-C6CE-4D84-820B-2C3833483AFF}
	EndGlobalSection
EndGlobal
